// !$*UTF8*$!
{
	archiveVersion = 1;
	classes = {
	};
	objectVersion = 48;
	objects = {

/* Begin PBXBuildFile section */
		463A4260201520500016D18A /* GoalsVC.swift in Sources */ = {isa = PBXBuildFile; fileRef = 463A425F201520500016D18A /* GoalsVC.swift */; };
		463A4262201558960016D18A /* Extensions.swift in Sources */ = {isa = PBXBuildFile; fileRef = 463A4261201558960016D18A /* Extensions.swift */; };
		463A4264201566A40016D18A /* EditGoalsVC.swift in Sources */ = {isa = PBXBuildFile; fileRef = 463A4263201566A40016D18A /* EditGoalsVC.swift */; };
		463A426620157BB90016D18A /* Goal.swift in Sources */ = {isa = PBXBuildFile; fileRef = 463A426520157BB90016D18A /* Goal.swift */; };
		463A426820164FE60016D18A /* ExerciseDataService.swift in Sources */ = {isa = PBXBuildFile; fileRef = 463A426720164FE60016D18A /* ExerciseDataService.swift */; };
		463A426A2016625B0016D18A /* DateFormatter.swift in Sources */ = {isa = PBXBuildFile; fileRef = 463A42692016625B0016D18A /* DateFormatter.swift */; };
		46C2B70320128312000BFF02 /* DashboardVC.swift in Sources */ = {isa = PBXBuildFile; fileRef = 46C2B70220128312000BFF02 /* DashboardVC.swift */; };
		46C2B705201287DF000BFF02 /* UserDataService.swift in Sources */ = {isa = PBXBuildFile; fileRef = 46C2B704201287DF000BFF02 /* UserDataService.swift */; };
		46C2B70920128BC3000BFF02 /* OnboardingVC.swift in Sources */ = {isa = PBXBuildFile; fileRef = 46C2B70820128BC3000BFF02 /* OnboardingVC.swift */; };
		46C2B70D2012C066000BFF02 /* MenuVC.swift in Sources */ = {isa = PBXBuildFile; fileRef = 46C2B70C2012C066000BFF02 /* MenuVC.swift */; };
		46E5481B201161D800536426 /* AppDelegate.swift in Sources */ = {isa = PBXBuildFile; fileRef = 46E5481A201161D800536426 /* AppDelegate.swift */; };
		46E5481D201161D800536426 /* SplashPage.swift in Sources */ = {isa = PBXBuildFile; fileRef = 46E5481C201161D800536426 /* SplashPage.swift */; };
		46E54820201161D800536426 /* Main.storyboard in Resources */ = {isa = PBXBuildFile; fileRef = 46E5481E201161D800536426 /* Main.storyboard */; };
		46E54822201161D800536426 /* Assets.xcassets in Resources */ = {isa = PBXBuildFile; fileRef = 46E54821201161D800536426 /* Assets.xcassets */; };
		46E54825201161D800536426 /* LaunchScreen.storyboard in Resources */ = {isa = PBXBuildFile; fileRef = 46E54823201161D800536426 /* LaunchScreen.storyboard */; };
		46E54830201161D800536426 /* PUSH_ITTests.swift in Sources */ = {isa = PBXBuildFile; fileRef = 46E5482F201161D800536426 /* PUSH_ITTests.swift */; };
		46E5483B201161D800536426 /* PUSH_ITUITests.swift in Sources */ = {isa = PBXBuildFile; fileRef = 46E5483A201161D800536426 /* PUSH_ITUITests.swift */; };
		46E5484D2012677900536426 /* Constants.swift in Sources */ = {isa = PBXBuildFile; fileRef = 46E5484C2012677900536426 /* Constants.swift */; };
		46E548502012682600536426 /* AuthService.swift in Sources */ = {isa = PBXBuildFile; fileRef = 46E5484F2012682600536426 /* AuthService.swift */; };
		46E548552012703F00536426 /* SWRevealViewController.m in Sources */ = {isa = PBXBuildFile; fileRef = 46E548532012703F00536426 /* SWRevealViewController.m */; };
		46E548572012747000536426 /* SignUpVC.swift in Sources */ = {isa = PBXBuildFile; fileRef = 46E548562012747000536426 /* SignUpVC.swift */; };
		46E548592012757000536426 /* SignInVC.swift in Sources */ = {isa = PBXBuildFile; fileRef = 46E548582012757000536426 /* SignInVC.swift */; };
		B6069BBFA4BD94A98B17FAE2 /* Pods_PUSH_IT.framework in Frameworks */ = {isa = PBXBuildFile; fileRef = 04FFC952A66998C4F5FCD90E /* Pods_PUSH_IT.framework */; };
/* End PBXBuildFile section */

/* Begin PBXContainerItemProxy section */
		46E5482C201161D800536426 /* PBXContainerItemProxy */ = {
			isa = PBXContainerItemProxy;
			containerPortal = 46E5480F201161D800536426 /* Project object */;
			proxyType = 1;
			remoteGlobalIDString = 46E54816201161D800536426;
			remoteInfo = PUSH_IT;
		};
		46E54837201161D800536426 /* PBXContainerItemProxy */ = {
			isa = PBXContainerItemProxy;
			containerPortal = 46E5480F201161D800536426 /* Project object */;
			proxyType = 1;
			remoteGlobalIDString = 46E54816201161D800536426;
			remoteInfo = PUSH_IT;
		};
/* End PBXContainerItemProxy section */

/* Begin PBXFileReference section */
		04FFC952A66998C4F5FCD90E /* Pods_PUSH_IT.framework */ = {isa = PBXFileReference; explicitFileType = wrapper.framework; includeInIndex = 0; path = Pods_PUSH_IT.framework; sourceTree = BUILT_PRODUCTS_DIR; };
		07E6B5CAC5070905611CF8DA /* Pods-PUSH_IT.release.xcconfig */ = {isa = PBXFileReference; includeInIndex = 1; lastKnownFileType = text.xcconfig; name = "Pods-PUSH_IT.release.xcconfig"; path = "Pods/Target Support Files/Pods-PUSH_IT/Pods-PUSH_IT.release.xcconfig"; sourceTree = "<group>"; };
		463A425F201520500016D18A /* GoalsVC.swift */ = {isa = PBXFileReference; lastKnownFileType = sourcecode.swift; path = GoalsVC.swift; sourceTree = "<group>"; };
		463A4261201558960016D18A /* Extensions.swift */ = {isa = PBXFileReference; lastKnownFileType = sourcecode.swift; path = Extensions.swift; sourceTree = "<group>"; };
		463A4263201566A40016D18A /* EditGoalsVC.swift */ = {isa = PBXFileReference; lastKnownFileType = sourcecode.swift; path = EditGoalsVC.swift; sourceTree = "<group>"; };
		463A426520157BB90016D18A /* Goal.swift */ = {isa = PBXFileReference; lastKnownFileType = sourcecode.swift; name = Goal.swift; path = PUSH_IT/Controller/Goal.swift; sourceTree = SOURCE_ROOT; };
		463A426720164FE60016D18A /* ExerciseDataService.swift */ = {isa = PBXFileReference; lastKnownFileType = sourcecode.swift; path = ExerciseDataService.swift; sourceTree = "<group>"; };
		463A42692016625B0016D18A /* DateFormatter.swift */ = {isa = PBXFileReference; lastKnownFileType = sourcecode.swift; path = DateFormatter.swift; sourceTree = "<group>"; };
		46C2B70220128312000BFF02 /* DashboardVC.swift */ = {isa = PBXFileReference; lastKnownFileType = sourcecode.swift; path = DashboardVC.swift; sourceTree = "<group>"; };
		46C2B704201287DF000BFF02 /* UserDataService.swift */ = {isa = PBXFileReference; lastKnownFileType = sourcecode.swift; path = UserDataService.swift; sourceTree = "<group>"; };
		46C2B70820128BC3000BFF02 /* OnboardingVC.swift */ = {isa = PBXFileReference; lastKnownFileType = sourcecode.swift; path = OnboardingVC.swift; sourceTree = "<group>"; };
		46C2B70C2012C066000BFF02 /* MenuVC.swift */ = {isa = PBXFileReference; lastKnownFileType = sourcecode.swift; path = MenuVC.swift; sourceTree = "<group>"; };
		46E54817201161D800536426 /* PUSH_IT.app */ = {isa = PBXFileReference; explicitFileType = wrapper.application; includeInIndex = 0; path = PUSH_IT.app; sourceTree = BUILT_PRODUCTS_DIR; };
		46E5481A201161D800536426 /* AppDelegate.swift */ = {isa = PBXFileReference; lastKnownFileType = sourcecode.swift; path = AppDelegate.swift; sourceTree = "<group>"; };
		46E5481C201161D800536426 /* SplashPage.swift */ = {isa = PBXFileReference; lastKnownFileType = sourcecode.swift; path = SplashPage.swift; sourceTree = "<group>"; };
		46E5481F201161D800536426 /* Base */ = {isa = PBXFileReference; lastKnownFileType = file.storyboard; name = Base; path = Base.lproj/Main.storyboard; sourceTree = "<group>"; };
		46E54821201161D800536426 /* Assets.xcassets */ = {isa = PBXFileReference; lastKnownFileType = folder.assetcatalog; path = Assets.xcassets; sourceTree = "<group>"; };
		46E54824201161D800536426 /* Base */ = {isa = PBXFileReference; lastKnownFileType = file.storyboard; name = Base; path = Base.lproj/LaunchScreen.storyboard; sourceTree = "<group>"; };
		46E54826201161D800536426 /* Info.plist */ = {isa = PBXFileReference; lastKnownFileType = text.plist.xml; path = Info.plist; sourceTree = "<group>"; };
		46E5482B201161D800536426 /* PUSH_ITTests.xctest */ = {isa = PBXFileReference; explicitFileType = wrapper.cfbundle; includeInIndex = 0; path = PUSH_ITTests.xctest; sourceTree = BUILT_PRODUCTS_DIR; };
		46E5482F201161D800536426 /* PUSH_ITTests.swift */ = {isa = PBXFileReference; lastKnownFileType = sourcecode.swift; path = PUSH_ITTests.swift; sourceTree = "<group>"; };
		46E54831201161D800536426 /* Info.plist */ = {isa = PBXFileReference; lastKnownFileType = text.plist.xml; path = Info.plist; sourceTree = "<group>"; };
		46E54836201161D800536426 /* PUSH_ITUITests.xctest */ = {isa = PBXFileReference; explicitFileType = wrapper.cfbundle; includeInIndex = 0; path = PUSH_ITUITests.xctest; sourceTree = BUILT_PRODUCTS_DIR; };
		46E5483A201161D800536426 /* PUSH_ITUITests.swift */ = {isa = PBXFileReference; lastKnownFileType = sourcecode.swift; path = PUSH_ITUITests.swift; sourceTree = "<group>"; };
		46E5483C201161D800536426 /* Info.plist */ = {isa = PBXFileReference; lastKnownFileType = text.plist.xml; path = Info.plist; sourceTree = "<group>"; };
		46E5484C2012677900536426 /* Constants.swift */ = {isa = PBXFileReference; lastKnownFileType = sourcecode.swift; path = Constants.swift; sourceTree = "<group>"; };
		46E5484F2012682600536426 /* AuthService.swift */ = {isa = PBXFileReference; lastKnownFileType = sourcecode.swift; path = AuthService.swift; sourceTree = "<group>"; };
		46E548522012703F00536426 /* PUSH_IT-Bridging-Header.h */ = {isa = PBXFileReference; lastKnownFileType = sourcecode.c.h; path = "PUSH_IT-Bridging-Header.h"; sourceTree = "<group>"; };
		46E548532012703F00536426 /* SWRevealViewController.m */ = {isa = PBXFileReference; fileEncoding = 4; lastKnownFileType = sourcecode.c.objc; path = SWRevealViewController.m; sourceTree = "<group>"; };
		46E548542012703F00536426 /* SWRevealViewController.h */ = {isa = PBXFileReference; fileEncoding = 4; lastKnownFileType = sourcecode.c.h; path = SWRevealViewController.h; sourceTree = "<group>"; };
		46E548562012747000536426 /* SignUpVC.swift */ = {isa = PBXFileReference; lastKnownFileType = sourcecode.swift; path = SignUpVC.swift; sourceTree = "<group>"; };
		46E548582012757000536426 /* SignInVC.swift */ = {isa = PBXFileReference; lastKnownFileType = sourcecode.swift; path = SignInVC.swift; sourceTree = "<group>"; };
		57FB22A2EBEF7CC71BCCFD73 /* Pods-PUSH_IT.debug.xcconfig */ = {isa = PBXFileReference; includeInIndex = 1; lastKnownFileType = text.xcconfig; name = "Pods-PUSH_IT.debug.xcconfig"; path = "Pods/Target Support Files/Pods-PUSH_IT/Pods-PUSH_IT.debug.xcconfig"; sourceTree = "<group>"; };
/* End PBXFileReference section */

/* Begin PBXFrameworksBuildPhase section */
		46E54814201161D800536426 /* Frameworks */ = {
			isa = PBXFrameworksBuildPhase;
			buildActionMask = 2147483647;
			files = (
				B6069BBFA4BD94A98B17FAE2 /* Pods_PUSH_IT.framework in Frameworks */,
			);
			runOnlyForDeploymentPostprocessing = 0;
		};
		46E54828201161D800536426 /* Frameworks */ = {
			isa = PBXFrameworksBuildPhase;
			buildActionMask = 2147483647;
			files = (
			);
			runOnlyForDeploymentPostprocessing = 0;
		};
		46E54833201161D800536426 /* Frameworks */ = {
			isa = PBXFrameworksBuildPhase;
			buildActionMask = 2147483647;
			files = (
			);
			runOnlyForDeploymentPostprocessing = 0;
		};
/* End PBXFrameworksBuildPhase section */

/* Begin PBXGroup section */
		41684F30BBF71D8691281661 /* Frameworks */ = {
			isa = PBXGroup;
			children = (
				04FFC952A66998C4F5FCD90E /* Pods_PUSH_IT.framework */,
			);
			name = Frameworks;
			sourceTree = "<group>";
		};
		46E5480E201161D800536426 = {
			isa = PBXGroup;
			children = (
				46E5485120126FAC00536426 /* Supporting Files */,
				46E548492012675700536426 /* View */,
				46E54819201161D800536426 /* PUSH_IT */,
				46E5482E201161D800536426 /* PUSH_ITTests */,
				46E54839201161D800536426 /* PUSH_ITUITests */,
				46E54818201161D800536426 /* Products */,
				D22B424CDEC2ED15B630F03A /* Pods */,
				41684F30BBF71D8691281661 /* Frameworks */,
			);
			sourceTree = "<group>";
		};
		46E54818201161D800536426 /* Products */ = {
			isa = PBXGroup;
			children = (
				46E54817201161D800536426 /* PUSH_IT.app */,
				46E5482B201161D800536426 /* PUSH_ITTests.xctest */,
				46E54836201161D800536426 /* PUSH_ITUITests.xctest */,
			);
			name = Products;
			sourceTree = "<group>";
		};
		46E54819201161D800536426 /* PUSH_IT */ = {
			isa = PBXGroup;
			children = (
				46E548482012675200536426 /* Model */,
				46E5484E2012680D00536426 /* Services */,
				46E5484B2012676100536426 /* Utilities */,
				46E5484A2012675B00536426 /* Controller */,
				46E5481A201161D800536426 /* AppDelegate.swift */,
				46E5481E201161D800536426 /* Main.storyboard */,
				46E54821201161D800536426 /* Assets.xcassets */,
				46E54823201161D800536426 /* LaunchScreen.storyboard */,
				46E54826201161D800536426 /* Info.plist */,
			);
			path = PUSH_IT;
			sourceTree = "<group>";
		};
		46E5482E201161D800536426 /* PUSH_ITTests */ = {
			isa = PBXGroup;
			children = (
				46E5482F201161D800536426 /* PUSH_ITTests.swift */,
				46E54831201161D800536426 /* Info.plist */,
			);
			path = PUSH_ITTests;
			sourceTree = "<group>";
		};
		46E54839201161D800536426 /* PUSH_ITUITests */ = {
			isa = PBXGroup;
			children = (
				46E5483A201161D800536426 /* PUSH_ITUITests.swift */,
				46E5483C201161D800536426 /* Info.plist */,
			);
			path = PUSH_ITUITests;
			sourceTree = "<group>";
		};
		46E548482012675200536426 /* Model */ = {
			isa = PBXGroup;
			children = (
				463A426520157BB90016D18A /* Goal.swift */,
			);
			name = Model;
			path = ../Model;
			sourceTree = "<group>";
		};
		46E548492012675700536426 /* View */ = {
			isa = PBXGroup;
			children = (
			);
			path = View;
			sourceTree = "<group>";
		};
		46E5484A2012675B00536426 /* Controller */ = {
			isa = PBXGroup;
			children = (
				46E5481C201161D800536426 /* SplashPage.swift */,
				46E548562012747000536426 /* SignUpVC.swift */,
				46E548582012757000536426 /* SignInVC.swift */,
				46C2B70220128312000BFF02 /* DashboardVC.swift */,
				46C2B70820128BC3000BFF02 /* OnboardingVC.swift */,
				46C2B70C2012C066000BFF02 /* MenuVC.swift */,
				463A425F201520500016D18A /* GoalsVC.swift */,
				463A4263201566A40016D18A /* EditGoalsVC.swift */,
			);
			path = Controller;
			sourceTree = "<group>";
		};
		46E5484B2012676100536426 /* Utilities */ = {
			isa = PBXGroup;
			children = (
				46E5484C2012677900536426 /* Constants.swift */,
				463A4261201558960016D18A /* Extensions.swift */,
				463A42692016625B0016D18A /* DateFormatter.swift */,
			);
			path = Utilities;
			sourceTree = "<group>";
		};
		46E5484E2012680D00536426 /* Services */ = {
			isa = PBXGroup;
			children = (
				46E5484F2012682600536426 /* AuthService.swift */,
				46C2B704201287DF000BFF02 /* UserDataService.swift */,
				463A426720164FE60016D18A /* ExerciseDataService.swift */,
			);
			path = Services;
			sourceTree = "<group>";
		};
		46E5485120126FAC00536426 /* Supporting Files */ = {
			isa = PBXGroup;
			children = (
				46E548542012703F00536426 /* SWRevealViewController.h */,
				46E548532012703F00536426 /* SWRevealViewController.m */,
				46E548522012703F00536426 /* PUSH_IT-Bridging-Header.h */,
			);
			path = "Supporting Files";
			sourceTree = "<group>";
		};
		D22B424CDEC2ED15B630F03A /* Pods */ = {
			isa = PBXGroup;
			children = (
				57FB22A2EBEF7CC71BCCFD73 /* Pods-PUSH_IT.debug.xcconfig */,
				07E6B5CAC5070905611CF8DA /* Pods-PUSH_IT.release.xcconfig */,
			);
			name = Pods;
			sourceTree = "<group>";
		};
/* End PBXGroup section */

/* Begin PBXNativeTarget section */
		46E54816201161D800536426 /* PUSH_IT */ = {
			isa = PBXNativeTarget;
			buildConfigurationList = 46E5483F201161D800536426 /* Build configuration list for PBXNativeTarget "PUSH_IT" */;
			buildPhases = (
				E8AE6D3807AA9C4C89FB321A /* [CP] Check Pods Manifest.lock */,
				46E54813201161D800536426 /* Sources */,
				46E54814201161D800536426 /* Frameworks */,
				46E54815201161D800536426 /* Resources */,
				627176A70AF84A43A71B0902 /* [CP] Embed Pods Frameworks */,
				000F66FE39D687F48458CF9C /* [CP] Copy Pods Resources */,
			);
			buildRules = (
			);
			dependencies = (
			);
			name = PUSH_IT;
			productName = PUSH_IT;
			productReference = 46E54817201161D800536426 /* PUSH_IT.app */;
			productType = "com.apple.product-type.application";
		};
		46E5482A201161D800536426 /* PUSH_ITTests */ = {
			isa = PBXNativeTarget;
			buildConfigurationList = 46E54842201161D800536426 /* Build configuration list for PBXNativeTarget "PUSH_ITTests" */;
			buildPhases = (
				46E54827201161D800536426 /* Sources */,
				46E54828201161D800536426 /* Frameworks */,
				46E54829201161D800536426 /* Resources */,
			);
			buildRules = (
			);
			dependencies = (
				46E5482D201161D800536426 /* PBXTargetDependency */,
			);
			name = PUSH_ITTests;
			productName = PUSH_ITTests;
			productReference = 46E5482B201161D800536426 /* PUSH_ITTests.xctest */;
			productType = "com.apple.product-type.bundle.unit-test";
		};
		46E54835201161D800536426 /* PUSH_ITUITests */ = {
			isa = PBXNativeTarget;
			buildConfigurationList = 46E54845201161D800536426 /* Build configuration list for PBXNativeTarget "PUSH_ITUITests" */;
			buildPhases = (
				46E54832201161D800536426 /* Sources */,
				46E54833201161D800536426 /* Frameworks */,
				46E54834201161D800536426 /* Resources */,
			);
			buildRules = (
			);
			dependencies = (
				46E54838201161D800536426 /* PBXTargetDependency */,
			);
			name = PUSH_ITUITests;
			productName = PUSH_ITUITests;
			productReference = 46E54836201161D800536426 /* PUSH_ITUITests.xctest */;
			productType = "com.apple.product-type.bundle.ui-testing";
		};
/* End PBXNativeTarget section */

/* Begin PBXProject section */
		46E5480F201161D800536426 /* Project object */ = {
			isa = PBXProject;
			attributes = {
				LastSwiftUpdateCheck = 0920;
				LastUpgradeCheck = 0920;
				ORGANIZATIONNAME = reinhart.digital;
				TargetAttributes = {
					46E54816201161D800536426 = {
						CreatedOnToolsVersion = 9.2;
						LastSwiftMigration = 0920;
						ProvisioningStyle = Automatic;
					};
					46E5482A201161D800536426 = {
						CreatedOnToolsVersion = 9.2;
						ProvisioningStyle = Automatic;
						TestTargetID = 46E54816201161D800536426;
					};
					46E54835201161D800536426 = {
						CreatedOnToolsVersion = 9.2;
						ProvisioningStyle = Automatic;
						TestTargetID = 46E54816201161D800536426;
					};
				};
			};
			buildConfigurationList = 46E54812201161D800536426 /* Build configuration list for PBXProject "PUSH_IT" */;
			compatibilityVersion = "Xcode 8.0";
			developmentRegion = en;
			hasScannedForEncodings = 0;
			knownRegions = (
				en,
				Base,
			);
			mainGroup = 46E5480E201161D800536426;
			productRefGroup = 46E54818201161D800536426 /* Products */;
			projectDirPath = "";
			projectRoot = "";
			targets = (
				46E54816201161D800536426 /* PUSH_IT */,
				46E5482A201161D800536426 /* PUSH_ITTests */,
				46E54835201161D800536426 /* PUSH_ITUITests */,
			);
		};
/* End PBXProject section */

/* Begin PBXResourcesBuildPhase section */
		46E54815201161D800536426 /* Resources */ = {
			isa = PBXResourcesBuildPhase;
			buildActionMask = 2147483647;
			files = (
				46E54825201161D800536426 /* LaunchScreen.storyboard in Resources */,
				46E54822201161D800536426 /* Assets.xcassets in Resources */,
				46E54820201161D800536426 /* Main.storyboard in Resources */,
			);
			runOnlyForDeploymentPostprocessing = 0;
		};
		46E54829201161D800536426 /* Resources */ = {
			isa = PBXResourcesBuildPhase;
			buildActionMask = 2147483647;
			files = (
			);
			runOnlyForDeploymentPostprocessing = 0;
		};
		46E54834201161D800536426 /* Resources */ = {
			isa = PBXResourcesBuildPhase;
			buildActionMask = 2147483647;
			files = (
			);
			runOnlyForDeploymentPostprocessing = 0;
		};
/* End PBXResourcesBuildPhase section */

/* Begin PBXShellScriptBuildPhase section */
		000F66FE39D687F48458CF9C /* [CP] Copy Pods Resources */ = {
			isa = PBXShellScriptBuildPhase;
			buildActionMask = 2147483647;
			files = (
			);
			inputPaths = (
			);
			name = "[CP] Copy Pods Resources";
			outputPaths = (
			);
			runOnlyForDeploymentPostprocessing = 0;
			shellPath = /bin/sh;
			shellScript = "\"${SRCROOT}/Pods/Target Support Files/Pods-PUSH_IT/Pods-PUSH_IT-resources.sh\"\n";
			showEnvVarsInLog = 0;
		};
		627176A70AF84A43A71B0902 /* [CP] Embed Pods Frameworks */ = {
			isa = PBXShellScriptBuildPhase;
			buildActionMask = 2147483647;
			files = (
			);
			inputPaths = (
			);
			name = "[CP] Embed Pods Frameworks";
			outputPaths = (
			);
			runOnlyForDeploymentPostprocessing = 0;
			shellPath = /bin/sh;
			shellScript = "\"${SRCROOT}/Pods/Target Support Files/Pods-PUSH_IT/Pods-PUSH_IT-frameworks.sh\"\n";
			showEnvVarsInLog = 0;
		};
		E8AE6D3807AA9C4C89FB321A /* [CP] Check Pods Manifest.lock */ = {
			isa = PBXShellScriptBuildPhase;
			buildActionMask = 2147483647;
			files = (
			);
			inputPaths = (
			);
			name = "[CP] Check Pods Manifest.lock";
			outputPaths = (
			);
			runOnlyForDeploymentPostprocessing = 0;
			shellPath = /bin/sh;
			shellScript = "diff \"${PODS_ROOT}/../Podfile.lock\" \"${PODS_ROOT}/Manifest.lock\" > /dev/null\nif [ $? != 0 ] ; then\n    # print error to STDERR\n    echo \"error: The sandbox is not in sync with the Podfile.lock. Run 'pod install' or update your CocoaPods installation.\" >&2\n    exit 1\nfi\n";
			showEnvVarsInLog = 0;
		};
/* End PBXShellScriptBuildPhase section */

/* Begin PBXSourcesBuildPhase section */
		46E54813201161D800536426 /* Sources */ = {
			isa = PBXSourcesBuildPhase;
			buildActionMask = 2147483647;
			files = (
				46E5481D201161D800536426 /* SplashPage.swift in Sources */,
				46E5481B201161D800536426 /* AppDelegate.swift in Sources */,
				46E548552012703F00536426 /* SWRevealViewController.m in Sources */,
				463A4260201520500016D18A /* GoalsVC.swift in Sources */,
				46C2B705201287DF000BFF02 /* UserDataService.swift in Sources */,
				46E5484D2012677900536426 /* Constants.swift in Sources */,
				46E548592012757000536426 /* SignInVC.swift in Sources */,
				463A426A2016625B0016D18A /* DateFormatter.swift in Sources */,
				463A426820164FE60016D18A /* ExerciseDataService.swift in Sources */,
				46C2B70D2012C066000BFF02 /* MenuVC.swift in Sources */,
				463A4262201558960016D18A /* Extensions.swift in Sources */,
				463A4264201566A40016D18A /* EditGoalsVC.swift in Sources */,
				46C2B70320128312000BFF02 /* DashboardVC.swift in Sources */,
				46C2B70920128BC3000BFF02 /* OnboardingVC.swift in Sources */,
				46E548572012747000536426 /* SignUpVC.swift in Sources */,
				463A426620157BB90016D18A /* Goal.swift in Sources */,
				46E548502012682600536426 /* AuthService.swift in Sources */,
			);
			runOnlyForDeploymentPostprocessing = 0;
		};
		46E54827201161D800536426 /* Sources */ = {
			isa = PBXSourcesBuildPhase;
			buildActionMask = 2147483647;
			files = (
				46E54830201161D800536426 /* PUSH_ITTests.swift in Sources */,
			);
			runOnlyForDeploymentPostprocessing = 0;
		};
		46E54832201161D800536426 /* Sources */ = {
			isa = PBXSourcesBuildPhase;
			buildActionMask = 2147483647;
			files = (
				46E5483B201161D800536426 /* PUSH_ITUITests.swift in Sources */,
			);
			runOnlyForDeploymentPostprocessing = 0;
		};
/* End PBXSourcesBuildPhase section */

/* Begin PBXTargetDependency section */
		46E5482D201161D800536426 /* PBXTargetDependency */ = {
			isa = PBXTargetDependency;
			target = 46E54816201161D800536426 /* PUSH_IT */;
			targetProxy = 46E5482C201161D800536426 /* PBXContainerItemProxy */;
		};
		46E54838201161D800536426 /* PBXTargetDependency */ = {
			isa = PBXTargetDependency;
			target = 46E54816201161D800536426 /* PUSH_IT */;
			targetProxy = 46E54837201161D800536426 /* PBXContainerItemProxy */;
		};
/* End PBXTargetDependency section */

/* Begin PBXVariantGroup section */
		46E5481E201161D800536426 /* Main.storyboard */ = {
			isa = PBXVariantGroup;
			children = (
				46E5481F201161D800536426 /* Base */,
			);
			name = Main.storyboard;
			sourceTree = "<group>";
		};
		46E54823201161D800536426 /* LaunchScreen.storyboard */ = {
			isa = PBXVariantGroup;
			children = (
				46E54824201161D800536426 /* Base */,
			);
			name = LaunchScreen.storyboard;
			sourceTree = "<group>";
		};
/* End PBXVariantGroup section */

/* Begin XCBuildConfiguration section */
		46E5483D201161D800536426 /* Debug */ = {
			isa = XCBuildConfiguration;
			buildSettings = {
				ALWAYS_SEARCH_USER_PATHS = NO;
				CLANG_ANALYZER_NONNULL = YES;
				CLANG_ANALYZER_NUMBER_OBJECT_CONVERSION = YES_AGGRESSIVE;
				CLANG_CXX_LANGUAGE_STANDARD = "gnu++14";
				CLANG_CXX_LIBRARY = "libc++";
				CLANG_ENABLE_MODULES = YES;
				CLANG_ENABLE_OBJC_ARC = YES;
				CLANG_WARN_BLOCK_CAPTURE_AUTORELEASING = YES;
				CLANG_WARN_BOOL_CONVERSION = YES;
				CLANG_WARN_COMMA = YES;
				CLANG_WARN_CONSTANT_CONVERSION = YES;
				CLANG_WARN_DIRECT_OBJC_ISA_USAGE = YES_ERROR;
				CLANG_WARN_DOCUMENTATION_COMMENTS = YES;
				CLANG_WARN_EMPTY_BODY = YES;
				CLANG_WARN_ENUM_CONVERSION = YES;
				CLANG_WARN_INFINITE_RECURSION = YES;
				CLANG_WARN_INT_CONVERSION = YES;
				CLANG_WARN_NON_LITERAL_NULL_CONVERSION = YES;
				CLANG_WARN_OBJC_LITERAL_CONVERSION = YES;
				CLANG_WARN_OBJC_ROOT_CLASS = YES_ERROR;
				CLANG_WARN_RANGE_LOOP_ANALYSIS = YES;
				CLANG_WARN_STRICT_PROTOTYPES = YES;
				CLANG_WARN_SUSPICIOUS_MOVE = YES;
				CLANG_WARN_UNGUARDED_AVAILABILITY = YES_AGGRESSIVE;
				CLANG_WARN_UNREACHABLE_CODE = YES;
				CLANG_WARN__DUPLICATE_METHOD_MATCH = YES;
				CODE_SIGN_IDENTITY = "iPhone Developer";
				COPY_PHASE_STRIP = NO;
				DEBUG_INFORMATION_FORMAT = dwarf;
				ENABLE_STRICT_OBJC_MSGSEND = YES;
				ENABLE_TESTABILITY = YES;
				GCC_C_LANGUAGE_STANDARD = gnu11;
				GCC_DYNAMIC_NO_PIC = NO;
				GCC_NO_COMMON_BLOCKS = YES;
				GCC_OPTIMIZATION_LEVEL = 0;
				GCC_PREPROCESSOR_DEFINITIONS = (
					"DEBUG=1",
					"$(inherited)",
				);
				GCC_WARN_64_TO_32_BIT_CONVERSION = YES;
				GCC_WARN_ABOUT_RETURN_TYPE = YES_ERROR;
				GCC_WARN_UNDECLARED_SELECTOR = YES;
				GCC_WARN_UNINITIALIZED_AUTOS = YES_AGGRESSIVE;
				GCC_WARN_UNUSED_FUNCTION = YES;
				GCC_WARN_UNUSED_VARIABLE = YES;
				IPHONEOS_DEPLOYMENT_TARGET = 11.2;
				MTL_ENABLE_DEBUG_INFO = YES;
				ONLY_ACTIVE_ARCH = YES;
				SDKROOT = iphoneos;
				SWIFT_ACTIVE_COMPILATION_CONDITIONS = DEBUG;
				SWIFT_OPTIMIZATION_LEVEL = "-Onone";
			};
			name = Debug;
		};
		46E5483E201161D800536426 /* Release */ = {
			isa = XCBuildConfiguration;
			buildSettings = {
				ALWAYS_SEARCH_USER_PATHS = NO;
				CLANG_ANALYZER_NONNULL = YES;
				CLANG_ANALYZER_NUMBER_OBJECT_CONVERSION = YES_AGGRESSIVE;
				CLANG_CXX_LANGUAGE_STANDARD = "gnu++14";
				CLANG_CXX_LIBRARY = "libc++";
				CLANG_ENABLE_MODULES = YES;
				CLANG_ENABLE_OBJC_ARC = YES;
				CLANG_WARN_BLOCK_CAPTURE_AUTORELEASING = YES;
				CLANG_WARN_BOOL_CONVERSION = YES;
				CLANG_WARN_COMMA = YES;
				CLANG_WARN_CONSTANT_CONVERSION = YES;
				CLANG_WARN_DIRECT_OBJC_ISA_USAGE = YES_ERROR;
				CLANG_WARN_DOCUMENTATION_COMMENTS = YES;
				CLANG_WARN_EMPTY_BODY = YES;
				CLANG_WARN_ENUM_CONVERSION = YES;
				CLANG_WARN_INFINITE_RECURSION = YES;
				CLANG_WARN_INT_CONVERSION = YES;
				CLANG_WARN_NON_LITERAL_NULL_CONVERSION = YES;
				CLANG_WARN_OBJC_LITERAL_CONVERSION = YES;
				CLANG_WARN_OBJC_ROOT_CLASS = YES_ERROR;
				CLANG_WARN_RANGE_LOOP_ANALYSIS = YES;
				CLANG_WARN_STRICT_PROTOTYPES = YES;
				CLANG_WARN_SUSPICIOUS_MOVE = YES;
				CLANG_WARN_UNGUARDED_AVAILABILITY = YES_AGGRESSIVE;
				CLANG_WARN_UNREACHABLE_CODE = YES;
				CLANG_WARN__DUPLICATE_METHOD_MATCH = YES;
				CODE_SIGN_IDENTITY = "iPhone Developer";
				COPY_PHASE_STRIP = NO;
				DEBUG_INFORMATION_FORMAT = "dwarf-with-dsym";
				ENABLE_NS_ASSERTIONS = NO;
				ENABLE_STRICT_OBJC_MSGSEND = YES;
				GCC_C_LANGUAGE_STANDARD = gnu11;
				GCC_NO_COMMON_BLOCKS = YES;
				GCC_WARN_64_TO_32_BIT_CONVERSION = YES;
				GCC_WARN_ABOUT_RETURN_TYPE = YES_ERROR;
				GCC_WARN_UNDECLARED_SELECTOR = YES;
				GCC_WARN_UNINITIALIZED_AUTOS = YES_AGGRESSIVE;
				GCC_WARN_UNUSED_FUNCTION = YES;
				GCC_WARN_UNUSED_VARIABLE = YES;
				IPHONEOS_DEPLOYMENT_TARGET = 11.2;
				MTL_ENABLE_DEBUG_INFO = NO;
				SDKROOT = iphoneos;
				SWIFT_OPTIMIZATION_LEVEL = "-Owholemodule";
				VALIDATE_PRODUCT = YES;
			};
			name = Release;
		};
		46E54840201161D800536426 /* Debug */ = {
			isa = XCBuildConfiguration;
			baseConfigurationReference = 57FB22A2EBEF7CC71BCCFD73 /* Pods-PUSH_IT.debug.xcconfig */;
			buildSettings = {
				ASSETCATALOG_COMPILER_APPICON_NAME = AppIcon;
				CLANG_ENABLE_MODULES = YES;
				CODE_SIGN_STYLE = Automatic;
				DEVELOPMENT_TEAM = 8K33YJR944;
				INFOPLIST_FILE = PUSH_IT/Info.plist;
				LD_RUNPATH_SEARCH_PATHS = "$(inherited) @executable_path/Frameworks";
				PRODUCT_BUNDLE_IDENTIFIER = "com.reinhartdigital.PUSH-IT";
				PRODUCT_NAME = "$(TARGET_NAME)";
				SWIFT_OBJC_BRIDGING_HEADER = "Supporting Files/PUSH_IT-Bridging-Header.h";
				SWIFT_OPTIMIZATION_LEVEL = "-Onone";
				SWIFT_VERSION = 4.0;
				TARGETED_DEVICE_FAMILY = "1,2";
			};
			name = Debug;
		};
		46E54841201161D800536426 /* Release */ = {
			isa = XCBuildConfiguration;
			baseConfigurationReference = 07E6B5CAC5070905611CF8DA /* Pods-PUSH_IT.release.xcconfig */;
			buildSettings = {
				ASSETCATALOG_COMPILER_APPICON_NAME = AppIcon;
				CLANG_ENABLE_MODULES = YES;
				CODE_SIGN_STYLE = Automatic;
				DEVELOPMENT_TEAM = 8K33YJR944;
				INFOPLIST_FILE = PUSH_IT/Info.plist;
				LD_RUNPATH_SEARCH_PATHS = "$(inherited) @executable_path/Frameworks";
				PRODUCT_BUNDLE_IDENTIFIER = "com.reinhartdigital.PUSH-IT";
				PRODUCT_NAME = "$(TARGET_NAME)";
				SWIFT_OBJC_BRIDGING_HEADER = "Supporting Files/PUSH_IT-Bridging-Header.h";
				SWIFT_VERSION = 4.0;
				TARGETED_DEVICE_FAMILY = "1,2";
			};
			name = Release;
		};
		46E54843201161D800536426 /* Debug */ = {
			isa = XCBuildConfiguration;
			buildSettings = {
				ALWAYS_EMBED_SWIFT_STANDARD_LIBRARIES = YES;
				BUNDLE_LOADER = "$(TEST_HOST)";
				CODE_SIGN_STYLE = Automatic;
				DEVELOPMENT_TEAM = 8K33YJR944;
				INFOPLIST_FILE = PUSH_ITTests/Info.plist;
				LD_RUNPATH_SEARCH_PATHS = "$(inherited) @executable_path/Frameworks @loader_path/Frameworks";
				PRODUCT_BUNDLE_IDENTIFIER = "com.reinhartdigital.PUSH-ITTests";
				PRODUCT_NAME = "$(TARGET_NAME)";
				SWIFT_VERSION = 4.0;
				TARGETED_DEVICE_FAMILY = "1,2";
				TEST_HOST = "$(BUILT_PRODUCTS_DIR)/PUSH_IT.app/PUSH_IT";
			};
			name = Debug;
		};
		46E54844201161D800536426 /* Release */ = {
			isa = XCBuildConfiguration;
			buildSettings = {
				ALWAYS_EMBED_SWIFT_STANDARD_LIBRARIES = YES;
				BUNDLE_LOADER = "$(TEST_HOST)";
				CODE_SIGN_STYLE = Automatic;
				DEVELOPMENT_TEAM = 8K33YJR944;
				INFOPLIST_FILE = PUSH_ITTests/Info.plist;
				LD_RUNPATH_SEARCH_PATHS = "$(inherited) @executable_path/Frameworks @loader_path/Frameworks";
				PRODUCT_BUNDLE_IDENTIFIER = "com.reinhartdigital.PUSH-ITTests";
				PRODUCT_NAME = "$(TARGET_NAME)";
				SWIFT_VERSION = 4.0;
				TARGETED_DEVICE_FAMILY = "1,2";
				TEST_HOST = "$(BUILT_PRODUCTS_DIR)/PUSH_IT.app/PUSH_IT";
			};
			name = Release;
		};
		46E54846201161D800536426 /* Debug */ = {
			isa = XCBuildConfiguration;
			buildSettings = {
				ALWAYS_EMBED_SWIFT_STANDARD_LIBRARIES = YES;
				CODE_SIGN_STYLE = Automatic;
				DEVELOPMENT_TEAM = 8K33YJR944;
				INFOPLIST_FILE = PUSH_ITUITests/Info.plist;
				LD_RUNPATH_SEARCH_PATHS = "$(inherited) @executable_path/Frameworks @loader_path/Frameworks";
				PRODUCT_BUNDLE_IDENTIFIER = "com.reinhartdigital.PUSH-ITUITests";
				PRODUCT_NAME = "$(TARGET_NAME)";
				SWIFT_VERSION = 4.0;
				TARGETED_DEVICE_FAMILY = "1,2";
				TEST_TARGET_NAME = PUSH_IT;
			};
			name = Debug;
		};
		46E54847201161D800536426 /* Release */ = {
			isa = XCBuildConfiguration;
			buildSettings = {
				ALWAYS_EMBED_SWIFT_STANDARD_LIBRARIES = YES;
				CODE_SIGN_STYLE = Automatic;
				DEVELOPMENT_TEAM = 8K33YJR944;
				INFOPLIST_FILE = PUSH_ITUITests/Info.plist;
				LD_RUNPATH_SEARCH_PATHS = "$(inherited) @executable_path/Frameworks @loader_path/Frameworks";
				PRODUCT_BUNDLE_IDENTIFIER = "com.reinhartdigital.PUSH-ITUITests";
				PRODUCT_NAME = "$(TARGET_NAME)";
				SWIFT_VERSION = 4.0;
				TARGETED_DEVICE_FAMILY = "1,2";
				TEST_TARGET_NAME = PUSH_IT;
			};
			name = Release;
		};
/* End XCBuildConfiguration section */

/* Begin XCConfigurationList section */
		46E54812201161D800536426 /* Build configuration list for PBXProject "PUSH_IT" */ = {
			isa = XCConfigurationList;
			buildConfigurations = (
				46E5483D201161D800536426 /* Debug */,
				46E5483E201161D800536426 /* Release */,
			);
			defaultConfigurationIsVisible = 0;
			defaultConfigurationName = Release;
		};
		46E5483F201161D800536426 /* Build configuration list for PBXNativeTarget "PUSH_IT" */ = {
			isa = XCConfigurationList;
			buildConfigurations = (
				46E54840201161D800536426 /* Debug */,
				46E54841201161D800536426 /* Release */,
			);
			defaultConfigurationIsVisible = 0;
			defaultConfigurationName = Release;
		};
		46E54842201161D800536426 /* Build configuration list for PBXNativeTarget "PUSH_ITTests" */ = {
			isa = XCConfigurationList;
			buildConfigurations = (
				46E54843201161D800536426 /* Debug */,
				46E54844201161D800536426 /* Release */,
			);
			defaultConfigurationIsVisible = 0;
			defaultConfigurationName = Release;
		};
		46E54845201161D800536426 /* Build configuration list for PBXNativeTarget "PUSH_ITUITests" */ = {
			isa = XCConfigurationList;
			buildConfigurations = (
				46E54846201161D800536426 /* Debug */,
				46E54847201161D800536426 /* Release */,
			);
			defaultConfigurationIsVisible = 0;
			defaultConfigurationName = Release;
		};
/* End XCConfigurationList section */
	};
	rootObject = 46E5480F201161D800536426 /* Project object */;
}
